Microsoft Visual Studio Solution File, Format Version 11.00
# Visual Studio 2008

Project("{33883EA5-ECD0-2349-0D5F-EBB826F2BC8E}") = "Lonely", "Assembly-CSharp.csproj", "{F7EB2233-A88E-51F8-88AA-4F668BB281EE}"
EndProject
Global
	GlobalSection(SolutionConfigurationPlatforms) = preSolution
		Debug|Any CPU = Debug|Any CPU
		Release|Any CPU = Release|Any CPU
	EndGlobalSection
	GlobalSection(ProjectConfigurationPlatforms) = postSolution
		{F7EB2233-A88E-51F8-88AA-4F668BB281EE}.Debug|Any CPU.ActiveCfg = Debug|Any CPU
		{F7EB2233-A88E-51F8-88AA-4F668BB281EE}.Debug|Any CPU.Build.0 = Debug|Any CPU
		{F7EB2233-A88E-51F8-88AA-4F668BB281EE}.Release|Any CPU.ActiveCfg = Release|Any CPU
		{F7EB2233-A88E-51F8-88AA-4F668BB281EE}.Release|Any CPU.Build.0 = Release|Any CPU
	EndGlobalSection
	GlobalSection(SolutionProperties) = preSolution
		HideSolutionNode = FALSE
	EndGlobalSection
	GlobalSection(MonoDevelopProperties) = preSolution
		StartupItem = Assembly-CSharp.csproj
	EndGlobalSection
EndGlobal
